
Microsoft Visual Studio Solution File, Format Version 12.00
# Visual Studio Version 16
VisualStudioVersion = 16.0.29215.179
MinimumVisualStudioVersion = 10.0.40219.1
Project("{888888A0-9F3D-457C-B088-3A5042F75D52}") = "Time_Lapse_Generator", "Time_Lapse_Generator\Time_Lapse_Generator.pyproj", "{DA7C9821-2A45-4213-9C68-35FE00C08540}"
EndProject
Global
	GlobalSection(SolutionConfigurationPlatforms) = preSolution
		Debug|Any CPU = Debug|Any CPU
		Release|Any CPU = Release|Any CPU
	EndGlobalSection
	GlobalSection(ProjectConfigurationPlatforms) = postSolution
		{DA7C9821-2A45-4213-9C68-35FE00C08540}.Debug|Any CPU.ActiveCfg = Debug|Any CPU
		{DA7C9821-2A45-4213-9C68-35FE00C08540}.Release|Any CPU.ActiveCfg = Release|Any CPU
	EndGlobalSection
	GlobalSection(SolutionProperties) = preSolution
		HideSolutionNode = FALSE
	EndGlobalSection
	GlobalSection(ExtensibilityGlobals) = postSolution
		SolutionGuid = {AE29686C-5D98-46FE-A336-D2C534170D3A}
	EndGlobalSection
EndGlobal
